
Microsoft Visual Studio Solution File, Format Version 12.00
# Visual Studio 15
VisualStudioVersion = 15.0.28307.168
MinimumVisualStudioVersion = 10.0.40219.1
Project("{FAE04EC0-301F-11D3-BF4B-00C04F79EFBC}") = "Gighub", "Gighub\Gighub.csproj", "{6582A1BE-CF1A-48C9-B027-588A6F96662F}"
EndProject
Global
	GlobalSection(SolutionConfigurationPlatforms) = preSolution
		Debug|Any CPU = Debug|Any CPU
		Release|Any CPU = Release|Any CPU
	EndGlobalSection
	GlobalSection(ProjectConfigurationPlatforms) = postSolution
		{6582A1BE-CF1A-48C9-B027-588A6F96662F}.Debug|Any CPU.ActiveCfg = Debug|Any CPU
		{6582A1BE-CF1A-48C9-B027-588A6F96662F}.Debug|Any CPU.Build.0 = Debug|Any CPU
		{6582A1BE-CF1A-48C9-B027-588A6F96662F}.Release|Any CPU.ActiveCfg = Release|Any CPU
		{6582A1BE-CF1A-48C9-B027-588A6F96662F}.Release|Any CPU.Build.0 = Release|Any CPU
	EndGlobalSection
	GlobalSection(SolutionProperties) = preSolution
		HideSolutionNode = FALSE
	EndGlobalSection
	GlobalSection(ExtensibilityGlobals) = postSolution
		LessCompiler = 6582a1be-cf1a-48c9-b027-588a6f96662f
		SolutionGuid = {0808C93F-1645-4AC3-B240-C9B167AD3592}
	EndGlobalSection
EndGlobal
