
Microsoft Visual Studio Solution File, Format Version 12.00
# Visual Studio 15
VisualStudioVersion = 15.0.28307.168
MinimumVisualStudioVersion = 10.0.40219.1
Project("{FAE04EC0-301F-11D3-BF4B-00C04F79EFBC}") = "Gighub", "Gighub\Gighub.csproj", "{53E50CA2-F683-4946-9205-C08FB5799EEE}"
EndProject
Global
	GlobalSection(SolutionConfigurationPlatforms) = preSolution
		Debug|Any CPU = Debug|Any CPU
		Release|Any CPU = Release|Any CPU
	EndGlobalSection
	GlobalSection(ProjectConfigurationPlatforms) = postSolution
		{53E50CA2-F683-4946-9205-C08FB5799EEE}.Debug|Any CPU.ActiveCfg = Debug|Any CPU
		{53E50CA2-F683-4946-9205-C08FB5799EEE}.Debug|Any CPU.Build.0 = Debug|Any CPU
		{53E50CA2-F683-4946-9205-C08FB5799EEE}.Release|Any CPU.ActiveCfg = Release|Any CPU
		{53E50CA2-F683-4946-9205-C08FB5799EEE}.Release|Any CPU.Build.0 = Release|Any CPU
	EndGlobalSection
	GlobalSection(SolutionProperties) = preSolution
		HideSolutionNode = FALSE
	EndGlobalSection
	GlobalSection(ExtensibilityGlobals) = postSolution
		SolutionGuid = {ABA6292C-42CA-4C3C-8EFC-044E718EE7DF}
	EndGlobalSection
EndGlobal
